# This file was autogenerated by Stack.
# You should not edit this file by hand.
# For more information, please see the documentation at:
#   https://docs.haskellstack.org/en/stable/lock_files

packages:
- completed:
    cabal-file:
      size: 1745
      sha256: a1eb07a8d03dc04297f246316e84e3119ad73d4e99a72507df5491afdecfb8a9
    name: pdeprelude
    version: 0.2.0.0
    git: https://github.com/10Pines/pdepreludat.git
    pantry-tree:
      size: 1789
      sha256: 0d2e8b8f5a3fd0786f8734d4b0dda27d84202a8d467b6fe8d7fccedb87411e04
    commit: 3fc3a1573f2f78189475a5b7c894bad470b40883
  original:
    git: https://github.com/10Pines/pdepreludat.git
    commit: 3fc3a1573f2f78189475a5b7c894bad470b40883
snapshots:
- completed:
    size: 491373
    url: https://raw.githubusercontent.com/commercialhaskell/stackage-snapshots/master/lts/15/3.yaml
    sha256: 29e9ff61b8bf4b4fcff55cde3ac106ebb971f0d21331dccac9eee63374fa6ca8
  original: lts-15.3
